
Microsoft Visual Studio Solution File, Format Version 12.00
# Visual Studio 2012
Project("{FAE04EC0-301F-11D3-BF4B-00C04F79EFBC}") = "IPGeolocation", "IPGeolocation\IPGeolocation.csproj", "{5F73CAA8-4E60-4329-B146-87472FB8054D}"
EndProject
Global
	GlobalSection(SolutionConfigurationPlatforms) = preSolution
		Debug|Any CPU = Debug|Any CPU
		Release|Any CPU = Release|Any CPU
	EndGlobalSection
	GlobalSection(ProjectConfigurationPlatforms) = postSolution
		{5F73CAA8-4E60-4329-B146-87472FB8054D}.Debug|Any CPU.ActiveCfg = Debug|Any CPU
		{5F73CAA8-4E60-4329-B146-87472FB8054D}.Debug|Any CPU.Build.0 = Debug|Any CPU
		{5F73CAA8-4E60-4329-B146-87472FB8054D}.Release|Any CPU.ActiveCfg = Release|Any CPU
		{5F73CAA8-4E60-4329-B146-87472FB8054D}.Release|Any CPU.Build.0 = Release|Any CPU
	EndGlobalSection
EndGlobal
