Microsoft Visual Studio Solution File, Format Version 12.00
# Visual Studio Version 17
VisualStudioVersion = 17.6.33829.357
MinimumVisualStudioVersion = 10.0.40219.1
Project("{9A19103F-16F7-4668-BE54-9A1E7A4F7556}") = "IPGeolocation", "IPGeolocation\IPGeolocation.csproj", "{5F73CAA8-4E60-4329-B146-87472FB8054D}"
EndProject
Project("{2150E333-8FDC-42A3-9474-1A3956D46DE8}") = "Solution Items", "Solution Items", "{E8E9BE24-4497-4C8F-8D8D-9DE7F15DD852}"
	ProjectSection(SolutionItems) = preProject
		.gitignore = .gitignore
	EndProjectSection
EndProject
Global
	GlobalSection(SolutionConfigurationPlatforms) = preSolution
		Debug|Any CPU = Debug|Any CPU
		Release|Any CPU = Release|Any CPU
	EndGlobalSection
	GlobalSection(ProjectConfigurationPlatforms) = postSolution
		{5F73CAA8-4E60-4329-B146-87472FB8054D}.Debug|Any CPU.ActiveCfg = Debug|Any CPU
		{5F73CAA8-4E60-4329-B146-87472FB8054D}.Debug|Any CPU.Build.0 = Debug|Any CPU
		{5F73CAA8-4E60-4329-B146-87472FB8054D}.Release|Any CPU.ActiveCfg = Release|Any CPU
		{5F73CAA8-4E60-4329-B146-87472FB8054D}.Release|Any CPU.Build.0 = Release|Any CPU
	EndGlobalSection
	GlobalSection(SolutionProperties) = preSolution
		HideSolutionNode = FALSE
	EndGlobalSection
	GlobalSection(ExtensibilityGlobals) = postSolution
		SolutionGuid = {71E03D23-9840-4BEB-B0D2-2AB5849986C1}
	EndGlobalSection
EndGlobal
